
Microsoft Visual Studio Solution File, Format Version 12.00
Project("{FAE04EC0-301F-11D3-BF4B-00C04F79EFBC}") = "Domain", "Domain\Domain.csproj", "{9B20FD18-B967-4913-A843-85AADBEB00FF}"
EndProject
Project("{FAE04EC0-301F-11D3-BF4B-00C04F79EFBC}") = "Domain.Test", "Domain.Test\Domain.Test.csproj", "{FEC70594-7B4C-4C7B-9549-5D870260B6FA}"
EndProject
Project("{FAE04EC0-301F-11D3-BF4B-00C04F79EFBC}") = "Infrastructure", "Infrastructure\Infrastructure.csproj", "{18B7DCFE-1BF7-4A64-8D51-9C8CFDF4DD62}"
EndProject
Project("{FAE04EC0-301F-11D3-BF4B-00C04F79EFBC}") = "FootBallStatsApi", "FootBallStatsApi\FootBallStatsApi.csproj", "{56002DF9-70FF-4954-92A5-1037E4FA6DB8}"
EndProject
Project("{2150E333-8FDC-42A3-9474-1A3956D46DE8}") = "Solution Items", "Solution Items", "{36BE2754-F60C-4C70-9F79-40D7C379365F}"
	ProjectSection(SolutionItems) = preProject
		compose.yaml = compose.yaml
	EndProjectSection
EndProject
Global
	GlobalSection(SolutionConfigurationPlatforms) = preSolution
		Debug|Any CPU = Debug|Any CPU
		Release|Any CPU = Release|Any CPU
	EndGlobalSection
	GlobalSection(ProjectConfigurationPlatforms) = postSolution
		{9B20FD18-B967-4913-A843-85AADBEB00FF}.Debug|Any CPU.ActiveCfg = Debug|Any CPU
		{9B20FD18-B967-4913-A843-85AADBEB00FF}.Debug|Any CPU.Build.0 = Debug|Any CPU
		{9B20FD18-B967-4913-A843-85AADBEB00FF}.Release|Any CPU.ActiveCfg = Release|Any CPU
		{9B20FD18-B967-4913-A843-85AADBEB00FF}.Release|Any CPU.Build.0 = Release|Any CPU
		{FEC70594-7B4C-4C7B-9549-5D870260B6FA}.Debug|Any CPU.ActiveCfg = Debug|Any CPU
		{FEC70594-7B4C-4C7B-9549-5D870260B6FA}.Debug|Any CPU.Build.0 = Debug|Any CPU
		{FEC70594-7B4C-4C7B-9549-5D870260B6FA}.Release|Any CPU.ActiveCfg = Release|Any CPU
		{FEC70594-7B4C-4C7B-9549-5D870260B6FA}.Release|Any CPU.Build.0 = Release|Any CPU
		{18B7DCFE-1BF7-4A64-8D51-9C8CFDF4DD62}.Debug|Any CPU.ActiveCfg = Debug|Any CPU
		{18B7DCFE-1BF7-4A64-8D51-9C8CFDF4DD62}.Debug|Any CPU.Build.0 = Debug|Any CPU
		{18B7DCFE-1BF7-4A64-8D51-9C8CFDF4DD62}.Release|Any CPU.ActiveCfg = Release|Any CPU
		{18B7DCFE-1BF7-4A64-8D51-9C8CFDF4DD62}.Release|Any CPU.Build.0 = Release|Any CPU
		{56002DF9-70FF-4954-92A5-1037E4FA6DB8}.Debug|Any CPU.ActiveCfg = Debug|Any CPU
		{56002DF9-70FF-4954-92A5-1037E4FA6DB8}.Debug|Any CPU.Build.0 = Debug|Any CPU
		{56002DF9-70FF-4954-92A5-1037E4FA6DB8}.Release|Any CPU.ActiveCfg = Release|Any CPU
		{56002DF9-70FF-4954-92A5-1037E4FA6DB8}.Release|Any CPU.Build.0 = Release|Any CPU
	EndGlobalSection
EndGlobal
